
Microsoft Visual Studio Solution File, Format Version 12.00
# Visual Studio Version 17
VisualStudioVersion = 17.4.33122.133
MinimumVisualStudioVersion = 10.0.40219.1
Project("{FAE04EC0-301F-11D3-BF4B-00C04F79EFBC}") = "coreTask33", "coreTask33\coreTask33.csproj", "{4F6C76EF-E698-44A2-8339-013C49048CD1}"
EndProject
Global
	GlobalSection(SolutionConfigurationPlatforms) = preSolution
		Debug|Any CPU = Debug|Any CPU
		Release|Any CPU = Release|Any CPU
	EndGlobalSection
	GlobalSection(ProjectConfigurationPlatforms) = postSolution
		{4F6C76EF-E698-44A2-8339-013C49048CD1}.Debug|Any CPU.ActiveCfg = Debug|Any CPU
		{4F6C76EF-E698-44A2-8339-013C49048CD1}.Debug|Any CPU.Build.0 = Debug|Any CPU
		{4F6C76EF-E698-44A2-8339-013C49048CD1}.Release|Any CPU.ActiveCfg = Release|Any CPU
		{4F6C76EF-E698-44A2-8339-013C49048CD1}.Release|Any CPU.Build.0 = Release|Any CPU
	EndGlobalSection
	GlobalSection(SolutionProperties) = preSolution
		HideSolutionNode = FALSE
	EndGlobalSection
	GlobalSection(ExtensibilityGlobals) = postSolution
		SolutionGuid = {0E4C1A10-F34A-447B-B7EC-79CDAD2283D5}
	EndGlobalSection
EndGlobal
